
Microsoft Visual Studio Solution File, Format Version 12.00
# Visual Studio Version 17
VisualStudioVersion = 17.2.32602.215
MinimumVisualStudioVersion = 10.0.40219.1
Project("{9A19103F-16F7-4668-BE54-9A1E7A4F7556}") = "WeCo.API.Noises", "WeCo.API.Noises\WeCo.API.Noises.csproj", "{19077EDF-181A-42BA-A568-02DC6A9F17A5}"
EndProject
Project("{9A19103F-16F7-4668-BE54-9A1E7A4F7556}") = "WeCo.API.Smokes", "WeCo.API.Smokes\WeCo.API.Smokes.csproj", "{3F68613F-DCA9-411B-AE19-360D65AC5CB6}"
EndProject
Project("{9A19103F-16F7-4668-BE54-9A1E7A4F7556}") = "WeCo.SensorsAPI", "WeCo.SensorsAPI\WeCo.SensorsAPI.csproj", "{3FC93C84-FB30-4D99-94BC-472A7A474392}"
EndProject
Project("{9A19103F-16F7-4668-BE54-9A1E7A4F7556}") = "WeCo.AlertsAPI", "WeCo.AlertsAPI\WeCo.AlertsAPI.csproj", "{1E413025-2A7D-4ECA-B280-C62C48C220A9}"
EndProject
Project("{2150E333-8FDC-42A3-9474-1A3956D46DE8}") = "02-Functions", "02-Functions", "{3D39C5C3-5974-4607-BCC3-68CF512F2338}"
EndProject
Project("{2150E333-8FDC-42A3-9474-1A3956D46DE8}") = "01-APIs", "01-APIs", "{5714DA20-1790-46C1-95A0-2A8B5D909201}"
EndProject
Project("{9A19103F-16F7-4668-BE54-9A1E7A4F7556}") = "WeCo.Ingesters.GasDataIngestion", "WeCo.Ingesters.GasDataIngestion\WeCo.Ingesters.GasDataIngestion.csproj", "{13C1FF7C-42EA-47DB-BC3B-49DAD3BBEE9C}"
EndProject
Project("{FAE04EC0-301F-11D3-BF4B-00C04F79EFBC}") = "WeCo.Ingesters.SpeedDataIngestion", "WeCo.Ingesters.SpeedDataIngestion\WeCo.Ingesters.SpeedDataIngestion.csproj", "{1E5C4E2A-F31D-4A35-9BD6-001EBF8F9D30}"
EndProject
Project("{FAE04EC0-301F-11D3-BF4B-00C04F79EFBC}") = "WeCo.Ingesters.Shared", "WeCo.Ingesters.Shared\WeCo.Ingesters.Shared.csproj", "{A2CBDEE1-45A4-4C01-8C60-B67A8E15117B}"
EndProject
Global
	GlobalSection(SolutionConfigurationPlatforms) = preSolution
		Debug|Any CPU = Debug|Any CPU
		Release|Any CPU = Release|Any CPU
	EndGlobalSection
	GlobalSection(ProjectConfigurationPlatforms) = postSolution
		{19077EDF-181A-42BA-A568-02DC6A9F17A5}.Debug|Any CPU.ActiveCfg = Debug|Any CPU
		{19077EDF-181A-42BA-A568-02DC6A9F17A5}.Debug|Any CPU.Build.0 = Debug|Any CPU
		{19077EDF-181A-42BA-A568-02DC6A9F17A5}.Release|Any CPU.ActiveCfg = Release|Any CPU
		{19077EDF-181A-42BA-A568-02DC6A9F17A5}.Release|Any CPU.Build.0 = Release|Any CPU
		{3F68613F-DCA9-411B-AE19-360D65AC5CB6}.Debug|Any CPU.ActiveCfg = Debug|Any CPU
		{3F68613F-DCA9-411B-AE19-360D65AC5CB6}.Debug|Any CPU.Build.0 = Debug|Any CPU
		{3F68613F-DCA9-411B-AE19-360D65AC5CB6}.Release|Any CPU.ActiveCfg = Release|Any CPU
		{3F68613F-DCA9-411B-AE19-360D65AC5CB6}.Release|Any CPU.Build.0 = Release|Any CPU
		{3FC93C84-FB30-4D99-94BC-472A7A474392}.Debug|Any CPU.ActiveCfg = Debug|Any CPU
		{3FC93C84-FB30-4D99-94BC-472A7A474392}.Debug|Any CPU.Build.0 = Debug|Any CPU
		{3FC93C84-FB30-4D99-94BC-472A7A474392}.Release|Any CPU.ActiveCfg = Release|Any CPU
		{3FC93C84-FB30-4D99-94BC-472A7A474392}.Release|Any CPU.Build.0 = Release|Any CPU
		{1E413025-2A7D-4ECA-B280-C62C48C220A9}.Debug|Any CPU.ActiveCfg = Debug|Any CPU
		{1E413025-2A7D-4ECA-B280-C62C48C220A9}.Debug|Any CPU.Build.0 = Debug|Any CPU
		{1E413025-2A7D-4ECA-B280-C62C48C220A9}.Release|Any CPU.ActiveCfg = Release|Any CPU
		{1E413025-2A7D-4ECA-B280-C62C48C220A9}.Release|Any CPU.Build.0 = Release|Any CPU
		{13C1FF7C-42EA-47DB-BC3B-49DAD3BBEE9C}.Debug|Any CPU.ActiveCfg = Debug|Any CPU
		{13C1FF7C-42EA-47DB-BC3B-49DAD3BBEE9C}.Debug|Any CPU.Build.0 = Debug|Any CPU
		{13C1FF7C-42EA-47DB-BC3B-49DAD3BBEE9C}.Release|Any CPU.ActiveCfg = Release|Any CPU
		{13C1FF7C-42EA-47DB-BC3B-49DAD3BBEE9C}.Release|Any CPU.Build.0 = Release|Any CPU
		{1E5C4E2A-F31D-4A35-9BD6-001EBF8F9D30}.Debug|Any CPU.ActiveCfg = Debug|Any CPU
		{1E5C4E2A-F31D-4A35-9BD6-001EBF8F9D30}.Debug|Any CPU.Build.0 = Debug|Any CPU
		{1E5C4E2A-F31D-4A35-9BD6-001EBF8F9D30}.Release|Any CPU.ActiveCfg = Release|Any CPU
		{1E5C4E2A-F31D-4A35-9BD6-001EBF8F9D30}.Release|Any CPU.Build.0 = Release|Any CPU
		{A2CBDEE1-45A4-4C01-8C60-B67A8E15117B}.Debug|Any CPU.ActiveCfg = Debug|Any CPU
		{A2CBDEE1-45A4-4C01-8C60-B67A8E15117B}.Debug|Any CPU.Build.0 = Debug|Any CPU
		{A2CBDEE1-45A4-4C01-8C60-B67A8E15117B}.Release|Any CPU.ActiveCfg = Release|Any CPU
		{A2CBDEE1-45A4-4C01-8C60-B67A8E15117B}.Release|Any CPU.Build.0 = Release|Any CPU
	EndGlobalSection
	GlobalSection(SolutionProperties) = preSolution
		HideSolutionNode = FALSE
	EndGlobalSection
	GlobalSection(NestedProjects) = preSolution
		{19077EDF-181A-42BA-A568-02DC6A9F17A5} = {5714DA20-1790-46C1-95A0-2A8B5D909201}
		{3F68613F-DCA9-411B-AE19-360D65AC5CB6} = {5714DA20-1790-46C1-95A0-2A8B5D909201}
		{3FC93C84-FB30-4D99-94BC-472A7A474392} = {5714DA20-1790-46C1-95A0-2A8B5D909201}
		{1E413025-2A7D-4ECA-B280-C62C48C220A9} = {5714DA20-1790-46C1-95A0-2A8B5D909201}
		{13C1FF7C-42EA-47DB-BC3B-49DAD3BBEE9C} = {3D39C5C3-5974-4607-BCC3-68CF512F2338}
		{1E5C4E2A-F31D-4A35-9BD6-001EBF8F9D30} = {3D39C5C3-5974-4607-BCC3-68CF512F2338}
		{A2CBDEE1-45A4-4C01-8C60-B67A8E15117B} = {3D39C5C3-5974-4607-BCC3-68CF512F2338}
	EndGlobalSection
	GlobalSection(ExtensibilityGlobals) = postSolution
		SolutionGuid = {EAF10AA3-7307-44C3-9C5E-987AA4CDE5F5}
	EndGlobalSection
EndGlobal
